
Microsoft Visual Studio Solution File, Format Version 12.00
# Visual Studio Version 17
VisualStudioVersion = 17.2.32616.157
MinimumVisualStudioVersion = 10.0.40219.1
Project("{FAE04EC0-301F-11D3-BF4B-00C04F79EFBC}") = "ConfigurationSample", "ConfigurationSample\ConfigurationSample.csproj", "{1AB2DC51-80B6-442C-A3D4-30360474662F}"
EndProject
Global
	GlobalSection(SolutionConfigurationPlatforms) = preSolution
		Debug|Any CPU = Debug|Any CPU
		Release|Any CPU = Release|Any CPU
	EndGlobalSection
	GlobalSection(ProjectConfigurationPlatforms) = postSolution
		{1AB2DC51-80B6-442C-A3D4-30360474662F}.Debug|Any CPU.ActiveCfg = Debug|Any CPU
		{1AB2DC51-80B6-442C-A3D4-30360474662F}.Debug|Any CPU.Build.0 = Debug|Any CPU
		{1AB2DC51-80B6-442C-A3D4-30360474662F}.Release|Any CPU.ActiveCfg = Release|Any CPU
		{1AB2DC51-80B6-442C-A3D4-30360474662F}.Release|Any CPU.Build.0 = Release|Any CPU
	EndGlobalSection
	GlobalSection(SolutionProperties) = preSolution
		HideSolutionNode = FALSE
	EndGlobalSection
	GlobalSection(ExtensibilityGlobals) = postSolution
		SolutionGuid = {E020C18A-38E2-4CC6-A691-DAA6C1BDD2D1}
	EndGlobalSection
EndGlobal
